<?xml version="1.0" encoding="UTF-8" standalone="yes" ?>
<CodeBlocks_project_file>
	<FileVersion major="1" minor="6" />
	<Project>
		<Option title="Radiosity" />
		<Option pch_mode="2" />
		<Option compiler="gcc" />
		<Build>
			<Target title="Debug">
				<Option output="bin/Debug/Radiosity" prefix_auto="1" extension_auto="1" />
				<Option object_output="obj/Debug/" />
				<Option type="1" />
				<Option compiler="gcc" />
				<Compiler>
					<Add option="-g" />
				</Compiler>
			</Target>
			<Target title="Release">
				<Option output="bin/Release/Radiosity" prefix_auto="1" extension_auto="1" />
				<Option object_output="obj/Release/" />
				<Option type="0" />
				<Option compiler="gcc" />
				<Compiler>
					<Add option="-O2" />
				</Compiler>
				<Linker>
					<Add option="-s" />
				</Linker>
			</Target>
		</Build>
		<Compiler>
			<Add option="-O3" />
			<Add option="-Wall" />
			<Add option="-std=gnu99" />
			<Add option="-mms-bitfields -fno-strict-aliasing -march=core2 -mfpmath=sse" />
			<Add option="-fopenmp" />
			<Add directory="D:/Dropbox/Radiosity/Radiosity/" />
		</Compiler>
		<Linker>
			<Add option="-lopengl32 -lglu32 -lgdi32" />
			<Add option="-fopenmp" />
			<Add library="gdi32" />
			<Add library="user32" />
			<Add library="kernel32" />
			<Add library="comctl32" />
		</Linker>
		<Unit filename="main.cpp" />
		<Unit filename="radiositylogic.c">
			<Option compilerVar="CC" />
		</Unit>
		<Unit filename="radiositylogic.h" />
		<Unit filename="shaders/fragment shader" />
		<Unit filename="shaders/geometry shader" />
		<Unit filename="shaders/vertex shader" />
		<Extensions>
			<code_completion />
			<envvars />
			<debugger />
			<lib_finder disable_auto="1" />
		</Extensions>
	</Project>
</CodeBlocks_project_file>
